{
  "nodes": {
    "nixpkgs": {
      "locked": {
        "lastModified": 1791048980,
        "narHash": "sha256-KgItSKML8Xvte0B7/uGnBDsYzSnnKHcOaiUbgWBXLXw=",
        "owner": "NixOS",
        "repo": "nixpkgs",
        "rev": "a7868a727837f3c09cee2ce0ca671c76b1589fed",
        "type": "github"
      },
      "original": {
        "owner": "NixOS",
        "ref": "nixos-unstable",
        "repo": "nixpkgs",
        "type": "github"
      }
    },
    "nixpkgs_2": {
      "locked": {
        "lastModified": 1780336545,
        "narHash": "sha256-vhVhuXzFrIOfcssC/9hDHx7MHzDKjF3keHuREOQqQiQ=",
        "owner": "NixOS",
        "repo": "nixpkgs",
        "rev": "4df1b885d76a54e1aa1a318f8d16fd6005b6401f",
        "type": "github"
      },
      "original": {
        "owner": "NixOS",
        "ref": "nixpkgs-unstable",
        "repo": "nixpkgs",
        "type": "github"
      }
    },
    "nixpkgs_3": {
      "locked": {
        "lastModified": 1776548001,
        "narHash": "sha256-ZSK0NL4a1BwVbbTBoSnWgbJy9HeZFXLYQizjb2DPF24=",
        "owner": "NixOS",
        "repo": "nixpkgs",
        "rev": "b12141ef619e0a9c1c84dc8c684040326f27cdcc",
        "type": "github"
      },
      "original": {
        "owner": "NixOS",
        "ref": "nixos-unstable",
        "repo": "nixpkgs",
        "type": "github"
      }
    },
    "nixpkgs_4": {
      "locked": {
        "lastModified": 1782847189,
        "narHash": "sha256-twXPFqFsrrY5r28Zh7Homgcp2gUMBgQ6WDS98Q/3xFI=",
        "owner": "NixOS",
        "repo": "nixpkgs",
        "rev": "b6018f87da91d19d0ab4cf979885689b469cdd41",
        "type": "github"
      },
      "original": {
        "owner": "NixOS",
        "ref": "nixos-25.11",
        "repo": "nixpkgs",
        "type": "github"
      }
    },
    "root": {
      "inputs": {
        "nixpkgs": "nixpkgs",
        "zigdoc-nix": "zigdoc-nix",
        "ziglint-nix": "ziglint-nix",
        "zls-overlay": "zls-overlay"
      }
    },
    "zig-flake": {
      "inputs": {
        "nixpkgs": [
          "zls-overlay",
          "nixpkgs"
        ]
      },
      "locked": {
        "lastModified": 1790985140,
        "narHash": "sha256-2soIfrlRmeSvZuHRNFojArInqEZRkPrzqiA3VEMla04=",
        "owner": "silversquirl",
        "repo": "zig-flake",
        "rev": "392d312ade846f29ba8cf3fe3e82cc56cb40d11e",
        "type": "github"
      },
      "original": {
        "owner": "silversquirl",
        "repo": "zig-flake",
        "type": "github"
      }
    },
    "zigdoc-nix": {
      "inputs": {
        "nixpkgs": "nixpkgs_2"
      },
      "locked": {
        "lastModified": 1780477489,
        "narHash": "sha256-D82IwZW6V5mRMjFXmufifI4v4Gs/FLBJRoABpo/Atxo=",
        "owner": "uzaaft",
        "repo": "zigdoc-nix",
        "rev": "c1b9de5c0216711839d0287001f369c11dc715b4",
        "type": "github"
      },
      "original": {
        "owner": "uzaaft",
        "repo": "zigdoc-nix",
        "type": "github"
      }
    },
    "ziglint-nix": {
      "inputs": {
        "nixpkgs": "nixpkgs_3"
      },
      "locked": {
        "lastModified": 1776938022,
        "narHash": "sha256-not1vEw8+5GrW+vDQ22CCbZFmLBk69CYkgPj6LunRVQ=",
        "owner": "uzaaft",
        "repo": "ziglint-nix",
        "rev": "b43da8f2582baef447a1ad1a5eea0e2507c2156a",
        "type": "github"
      },
      "original": {
        "owner": "uzaaft",
        "repo": "ziglint-nix",
        "type": "github"
      }
    },
    "zls-overlay": {
      "inputs": {
        "nixpkgs": "nixpkgs_4",
        "zig-flake": "zig-flake"
      },
      "locked": {
        "lastModified": 1790989120,
        "narHash": "sha256-7BnT4VrhOApLVWDay7w6Jm9z/pNWc4trOLAwu+TfQLk=",
        "owner": "zigtools",
        "repo": "zls",
        "rev": "eab2be0fd74443a27662da809b771c4ad0d2afcf",
        "type": "github"
      },
      "original": {
        "owner": "zigtools",
        "repo": "zls",
        "type": "github"
      }
    }
  },
  "root": "root",
  "version": 7
}
